
Microsoft Visual Studio Solution File, Format Version 12.00
# Visual Studio 15
VisualStudioVersion = 15.0.28010.2003
MinimumVisualStudioVersion = 10.0.40219.1
Project("{9A19103F-16F7-4668-BE54-9A1E7A4F7556}") = "dres", "src\dres\dres.csproj", "{CE1A4F38-D64D-4369-8FFE-612B2C273F9F}"
EndProject
Project("{E53339B2-1760-4266-BCC7-CA923CBCF16C}") = "docker-compose", "docker-compose.dcproj", "{41372C82-2647-44A6-9612-85843ABD42FB}"
EndProject
Global
	GlobalSection(SolutionConfigurationPlatforms) = preSolution
		Debug|Any CPU = Debug|Any CPU
		Release|Any CPU = Release|Any CPU
	EndGlobalSection
	GlobalSection(ProjectConfigurationPlatforms) = postSolution
		{CE1A4F38-D64D-4369-8FFE-612B2C273F9F}.Debug|Any CPU.ActiveCfg = Debug|Any CPU
		{CE1A4F38-D64D-4369-8FFE-612B2C273F9F}.Debug|Any CPU.Build.0 = Debug|Any CPU
		{CE1A4F38-D64D-4369-8FFE-612B2C273F9F}.Release|Any CPU.ActiveCfg = Release|Any CPU
		{CE1A4F38-D64D-4369-8FFE-612B2C273F9F}.Release|Any CPU.Build.0 = Release|Any CPU
		{41372C82-2647-44A6-9612-85843ABD42FB}.Debug|Any CPU.ActiveCfg = Debug|Any CPU
		{41372C82-2647-44A6-9612-85843ABD42FB}.Debug|Any CPU.Build.0 = Debug|Any CPU
		{41372C82-2647-44A6-9612-85843ABD42FB}.Release|Any CPU.ActiveCfg = Release|Any CPU
		{41372C82-2647-44A6-9612-85843ABD42FB}.Release|Any CPU.Build.0 = Release|Any CPU
	EndGlobalSection
	GlobalSection(SolutionProperties) = preSolution
		HideSolutionNode = FALSE
	EndGlobalSection
	GlobalSection(ExtensibilityGlobals) = postSolution
		SolutionGuid = {C209B77D-F207-41AF-8FEB-8B6C489EA7C4}
	EndGlobalSection
EndGlobal
